// !$*UTF8*$!
{
	archiveVersion = 1;
	classes = {
	};
	objectVersion = 56;
	objects = {

/* Begin PBXBuildFile section */
		625333982ACD07F3004976D9 /* github_usersApp.swift in Sources */ = {isa = PBXBuildFile; fileRef = 625333972ACD07F3004976D9 /* github_usersApp.swift */; };
		6253339A2ACD07F3004976D9 /* ContentView.swift in Sources */ = {isa = PBXBuildFile; fileRef = 625333992ACD07F3004976D9 /* ContentView.swift */; };
		6253339C2ACD07F5004976D9 /* Assets.xcassets in Resources */ = {isa = PBXBuildFile; fileRef = 6253339B2ACD07F5004976D9 /* Assets.xcassets */; };
		6253339F2ACD07F5004976D9 /* Preview Assets.xcassets in Resources */ = {isa = PBXBuildFile; fileRef = 6253339E2ACD07F5004976D9 /* Preview Assets.xcassets */; };
		625333A92ACD07F5004976D9 /* github_usersTests.swift in Sources */ = {isa = PBXBuildFile; fileRef = 625333A82ACD07F5004976D9 /* github_usersTests.swift */; };
		625333B32ACD07F5004976D9 /* github_usersUITests.swift in Sources */ = {isa = PBXBuildFile; fileRef = 625333B22ACD07F5004976D9 /* github_usersUITests.swift */; };
		625333B52ACD07F5004976D9 /* github_usersUITestsLaunchTests.swift in Sources */ = {isa = PBXBuildFile; fileRef = 625333B42ACD07F5004976D9 /* github_usersUITestsLaunchTests.swift */; };
/* End PBXBuildFile section */

/* Begin PBXContainerItemProxy section */
		625333A52ACD07F5004976D9 /* PBXContainerItemProxy */ = {
			isa = PBXContainerItemProxy;
			containerPortal = 6253338C2ACD07F3004976D9 /* Project object */;
			proxyType = 1;
			remoteGlobalIDString = 625333932ACD07F3004976D9;
			remoteInfo = "github-users";
		};
		625333AF2ACD07F5004976D9 /* PBXContainerItemProxy */ = {
			isa = PBXContainerItemProxy;
			containerPortal = 6253338C2ACD07F3004976D9 /* Project object */;
			proxyType = 1;
			remoteGlobalIDString = 625333932ACD07F3004976D9;
			remoteInfo = "github-users";
		};
/* End PBXContainerItemProxy section */

/* Begin PBXFileReference section */
		625333942ACD07F3004976D9 /* github-users.app */ = {isa = PBXFileReference; explicitFileType = wrapper.application; includeInIndex = 0; path = "github-users.app"; sourceTree = BUILT_PRODUCTS_DIR; };
		625333972ACD07F3004976D9 /* github_usersApp.swift */ = {isa = PBXFileReference; lastKnownFileType = sourcecode.swift; path = github_usersApp.swift; sourceTree = "<group>"; };
		625333992ACD07F3004976D9 /* ContentView.swift */ = {isa = PBXFileReference; lastKnownFileType = sourcecode.swift; path = ContentView.swift; sourceTree = "<group>"; };
		6253339B2ACD07F5004976D9 /* Assets.xcassets */ = {isa = PBXFileReference; lastKnownFileType = folder.assetcatalog; path = Assets.xcassets; sourceTree = "<group>"; };
		6253339E2ACD07F5004976D9 /* Preview Assets.xcassets */ = {isa = PBXFileReference; lastKnownFileType = folder.assetcatalog; path = "Preview Assets.xcassets"; sourceTree = "<group>"; };
		625333A42ACD07F5004976D9 /* github-usersTests.xctest */ = {isa = PBXFileReference; explicitFileType = wrapper.cfbundle; includeInIndex = 0; path = "github-usersTests.xctest"; sourceTree = BUILT_PRODUCTS_DIR; };
		625333A82ACD07F5004976D9 /* github_usersTests.swift */ = {isa = PBXFileReference; lastKnownFileType = sourcecode.swift; path = github_usersTests.swift; sourceTree = "<group>"; };
		625333AE2ACD07F5004976D9 /* github-usersUITests.xctest */ = {isa = PBXFileReference; explicitFileType = wrapper.cfbundle; includeInIndex = 0; path = "github-usersUITests.xctest"; sourceTree = BUILT_PRODUCTS_DIR; };
		625333B22ACD07F5004976D9 /* github_usersUITests.swift */ = {isa = PBXFileReference; lastKnownFileType = sourcecode.swift; path = github_usersUITests.swift; sourceTree = "<group>"; };
		625333B42ACD07F5004976D9 /* github_usersUITestsLaunchTests.swift */ = {isa = PBXFileReference; lastKnownFileType = sourcecode.swift; path = github_usersUITestsLaunchTests.swift; sourceTree = "<group>"; };
/* End PBXFileReference section */

/* Begin PBXFrameworksBuildPhase section */
		625333912ACD07F3004976D9 /* Frameworks */ = {
			isa = PBXFrameworksBuildPhase;
			buildActionMask = 2147483647;
			files = (
			);
			runOnlyForDeploymentPostprocessing = 0;
		};
		625333A12ACD07F5004976D9 /* Frameworks */ = {
			isa = PBXFrameworksBuildPhase;
			buildActionMask = 2147483647;
			files = (
			);
			runOnlyForDeploymentPostprocessing = 0;
		};
		625333AB2ACD07F5004976D9 /* Frameworks */ = {
			isa = PBXFrameworksBuildPhase;
			buildActionMask = 2147483647;
			files = (
			);
			runOnlyForDeploymentPostprocessing = 0;
		};
/* End PBXFrameworksBuildPhase section */

/* Begin PBXGroup section */
		6253338B2ACD07F3004976D9 = {
			isa = PBXGroup;
			children = (
				625333962ACD07F3004976D9 /* github-users */,
				625333A72ACD07F5004976D9 /* github-usersTests */,
				625333B12ACD07F5004976D9 /* github-usersUITests */,
				625333952ACD07F3004976D9 /* Products */,
			);
			sourceTree = "<group>";
		};
		625333952ACD07F3004976D9 /* Products */ = {
			isa = PBXGroup;
			children = (
				625333942ACD07F3004976D9 /* github-users.app */,
				625333A42ACD07F5004976D9 /* github-usersTests.xctest */,
				625333AE2ACD07F5004976D9 /* github-usersUITests.xctest */,
			);
			name = Products;
			sourceTree = "<group>";
		};
		625333962ACD07F3004976D9 /* github-users */ = {
			isa = PBXGroup;
			children = (
				625333972ACD07F3004976D9 /* github_usersApp.swift */,
				625333992ACD07F3004976D9 /* ContentView.swift */,
				6253339B2ACD07F5004976D9 /* Assets.xcassets */,
				6253339D2ACD07F5004976D9 /* Preview Content */,
			);
			path = "github-users";
			sourceTree = "<group>";
		};
		6253339D2ACD07F5004976D9 /* Preview Content */ = {
			isa = PBXGroup;
			children = (
				6253339E2ACD07F5004976D9 /* Preview Assets.xcassets */,
			);
			path = "Preview Content";
			sourceTree = "<group>";
		};
		625333A72ACD07F5004976D9 /* github-usersTests */ = {
			isa = PBXGroup;
			children = (
				625333A82ACD07F5004976D9 /* github_usersTests.swift */,
			);
			path = "github-usersTests";
			sourceTree = "<group>";
		};
		625333B12ACD07F5004976D9 /* github-usersUITests */ = {
			isa = PBXGroup;
			children = (
				625333B22ACD07F5004976D9 /* github_usersUITests.swift */,
				625333B42ACD07F5004976D9 /* github_usersUITestsLaunchTests.swift */,
			);
			path = "github-usersUITests";
			sourceTree = "<group>";
		};
/* End PBXGroup section */

/* Begin PBXNativeTarget section */
		625333932ACD07F3004976D9 /* github-users */ = {
			isa = PBXNativeTarget;
			buildConfigurationList = 625333B82ACD07F5004976D9 /* Build configuration list for PBXNativeTarget "github-users" */;
			buildPhases = (
				625333902ACD07F3004976D9 /* Sources */,
				625333912ACD07F3004976D9 /* Frameworks */,
				625333922ACD07F3004976D9 /* Resources */,
			);
			buildRules = (
			);
			dependencies = (
			);
			name = "github-users";
			productName = "github-users";
			productReference = 625333942ACD07F3004976D9 /* github-users.app */;
			productType = "com.apple.product-type.application";
		};
		625333A32ACD07F5004976D9 /* github-usersTests */ = {
			isa = PBXNativeTarget;
			buildConfigurationList = 625333BB2ACD07F5004976D9 /* Build configuration list for PBXNativeTarget "github-usersTests" */;
			buildPhases = (
				625333A02ACD07F5004976D9 /* Sources */,
				625333A12ACD07F5004976D9 /* Frameworks */,
				625333A22ACD07F5004976D9 /* Resources */,
			);
			buildRules = (
			);
			dependencies = (
				625333A62ACD07F5004976D9 /* PBXTargetDependency */,
			);
			name = "github-usersTests";
			productName = "github-usersTests";
			productReference = 625333A42ACD07F5004976D9 /* github-usersTests.xctest */;
			productType = "com.apple.product-type.bundle.unit-test";
		};
		625333AD2ACD07F5004976D9 /* github-usersUITests */ = {
			isa = PBXNativeTarget;
			buildConfigurationList = 625333BE2ACD07F5004976D9 /* Build configuration list for PBXNativeTarget "github-usersUITests" */;
			buildPhases = (
				625333AA2ACD07F5004976D9 /* Sources */,
				625333AB2ACD07F5004976D9 /* Frameworks */,
				625333AC2ACD07F5004976D9 /* Resources */,
			);
			buildRules = (
			);
			dependencies = (
				625333B02ACD07F5004976D9 /* PBXTargetDependency */,
			);
			name = "github-usersUITests";
			productName = "github-usersUITests";
			productReference = 625333AE2ACD07F5004976D9 /* github-usersUITests.xctest */;
			productType = "com.apple.product-type.bundle.ui-testing";
		};
/* End PBXNativeTarget section */

/* Begin PBXProject section */
		6253338C2ACD07F3004976D9 /* Project object */ = {
			isa = PBXProject;
			attributes = {
				BuildIndependentTargetsInParallel = 1;
				LastSwiftUpdateCheck = 1420;
				LastUpgradeCheck = 1420;
				TargetAttributes = {
					625333932ACD07F3004976D9 = {
						CreatedOnToolsVersion = 14.2;
					};
					625333A32ACD07F5004976D9 = {
						CreatedOnToolsVersion = 14.2;
						TestTargetID = 625333932ACD07F3004976D9;
					};
					625333AD2ACD07F5004976D9 = {
						CreatedOnToolsVersion = 14.2;
						TestTargetID = 625333932ACD07F3004976D9;
					};
				};
			};
			buildConfigurationList = 6253338F2ACD07F3004976D9 /* Build configuration list for PBXProject "github-users" */;
			compatibilityVersion = "Xcode 14.0";
			developmentRegion = en;
			hasScannedForEncodings = 0;
			knownRegions = (
				en,
				Base,
			);
			mainGroup = 6253338B2ACD07F3004976D9;
			productRefGroup = 625333952ACD07F3004976D9 /* Products */;
			projectDirPath = "";
			projectRoot = "";
			targets = (
				625333932ACD07F3004976D9 /* github-users */,
				625333A32ACD07F5004976D9 /* github-usersTests */,
				625333AD2ACD07F5004976D9 /* github-usersUITests */,
			);
		};
/* End PBXProject section */

/* Begin PBXResourcesBuildPhase section */
		625333922ACD07F3004976D9 /* Resources */ = {
			isa = PBXResourcesBuildPhase;
			buildActionMask = 2147483647;
			files = (
				6253339F2ACD07F5004976D9 /* Preview Assets.xcassets in Resources */,
				6253339C2ACD07F5004976D9 /* Assets.xcassets in Resources */,
			);
			runOnlyForDeploymentPostprocessing = 0;
		};
		625333A22ACD07F5004976D9 /* Resources */ = {
			isa = PBXResourcesBuildPhase;
			buildActionMask = 2147483647;
			files = (
			);
			runOnlyForDeploymentPostprocessing = 0;
		};
		625333AC2ACD07F5004976D9 /* Resources */ = {
			isa = PBXResourcesBuildPhase;
			buildActionMask = 2147483647;
			files = (
			);
			runOnlyForDeploymentPostprocessing = 0;
		};
/* End PBXResourcesBuildPhase section */

/* Begin PBXSourcesBuildPhase section */
		625333902ACD07F3004976D9 /* Sources */ = {
			isa = PBXSourcesBuildPhase;
			buildActionMask = 2147483647;
			files = (
				6253339A2ACD07F3004976D9 /* ContentView.swift in Sources */,
				625333982ACD07F3004976D9 /* github_usersApp.swift in Sources */,
			);
			runOnlyForDeploymentPostprocessing = 0;
		};
		625333A02ACD07F5004976D9 /* Sources */ = {
			isa = PBXSourcesBuildPhase;
			buildActionMask = 2147483647;
			files = (
				625333A92ACD07F5004976D9 /* github_usersTests.swift in Sources */,
			);
			runOnlyForDeploymentPostprocessing = 0;
		};
		625333AA2ACD07F5004976D9 /* Sources */ = {
			isa = PBXSourcesBuildPhase;
			buildActionMask = 2147483647;
			files = (
				625333B52ACD07F5004976D9 /* github_usersUITestsLaunchTests.swift in Sources */,
				625333B32ACD07F5004976D9 /* github_usersUITests.swift in Sources */,
			);
			runOnlyForDeploymentPostprocessing = 0;
		};
/* End PBXSourcesBuildPhase section */

/* Begin PBXTargetDependency section */
		625333A62ACD07F5004976D9 /* PBXTargetDependency */ = {
			isa = PBXTargetDependency;
			target = 625333932ACD07F3004976D9 /* github-users */;
			targetProxy = 625333A52ACD07F5004976D9 /* PBXContainerItemProxy */;
		};
		625333B02ACD07F5004976D9 /* PBXTargetDependency */ = {
			isa = PBXTargetDependency;
			target = 625333932ACD07F3004976D9 /* github-users */;
			targetProxy = 625333AF2ACD07F5004976D9 /* PBXContainerItemProxy */;
		};
/* End PBXTargetDependency section */

/* Begin XCBuildConfiguration section */
		625333B62ACD07F5004976D9 /* Debug */ = {
			isa = XCBuildConfiguration;
			buildSettings = {
				ALWAYS_SEARCH_USER_PATHS = NO;
				CLANG_ANALYZER_NONNULL = YES;
				CLANG_ANALYZER_NUMBER_OBJECT_CONVERSION = YES_AGGRESSIVE;
				CLANG_CXX_LANGUAGE_STANDARD = "gnu++20";
				CLANG_ENABLE_MODULES = YES;
				CLANG_ENABLE_OBJC_ARC = YES;
				CLANG_ENABLE_OBJC_WEAK = YES;
				CLANG_WARN_BLOCK_CAPTURE_AUTORELEASING = YES;
				CLANG_WARN_BOOL_CONVERSION = YES;
				CLANG_WARN_COMMA = YES;
				CLANG_WARN_CONSTANT_CONVERSION = YES;
				CLANG_WARN_DEPRECATED_OBJC_IMPLEMENTATIONS = YES;
				CLANG_WARN_DIRECT_OBJC_ISA_USAGE = YES_ERROR;
				CLANG_WARN_DOCUMENTATION_COMMENTS = YES;
				CLANG_WARN_EMPTY_BODY = YES;
				CLANG_WARN_ENUM_CONVERSION = YES;
				CLANG_WARN_INFINITE_RECURSION = YES;
				CLANG_WARN_INT_CONVERSION = YES;
				CLANG_WARN_NON_LITERAL_NULL_CONVERSION = YES;
				CLANG_WARN_OBJC_IMPLICIT_RETAIN_SELF = YES;
				CLANG_WARN_OBJC_LITERAL_CONVERSION = YES;
				CLANG_WARN_OBJC_ROOT_CLASS = YES_ERROR;
				CLANG_WARN_QUOTED_INCLUDE_IN_FRAMEWORK_HEADER = YES;
				CLANG_WARN_RANGE_LOOP_ANALYSIS = YES;
				CLANG_WARN_STRICT_PROTOTYPES = YES;
				CLANG_WARN_SUSPICIOUS_MOVE = YES;
				CLANG_WARN_UNGUARDED_AVAILABILITY = YES_AGGRESSIVE;
				CLANG_WARN_UNREACHABLE_CODE = YES;
				CLANG_WARN__DUPLICATE_METHOD_MATCH = YES;
				COPY_PHASE_STRIP = NO;
				DEBUG_INFORMATION_FORMAT = dwarf;
				ENABLE_STRICT_OBJC_MSGSEND = YES;
				ENABLE_TESTABILITY = YES;
				GCC_C_LANGUAGE_STANDARD = gnu11;
				GCC_DYNAMIC_NO_PIC = NO;
				GCC_NO_COMMON_BLOCKS = YES;
				GCC_OPTIMIZATION_LEVEL = 0;
				GCC_PREPROCESSOR_DEFINITIONS = (
					"DEBUG=1",
					"$(inherited)",
				);
				GCC_WARN_64_TO_32_BIT_CONVERSION = YES;
				GCC_WARN_ABOUT_RETURN_TYPE = YES_ERROR;
				GCC_WARN_UNDECLARED_SELECTOR = YES;
				GCC_WARN_UNINITIALIZED_AUTOS = YES_AGGRESSIVE;
				GCC_WARN_UNUSED_FUNCTION = YES;
				GCC_WARN_UNUSED_VARIABLE = YES;
				IPHONEOS_DEPLOYMENT_TARGET = 16.2;
				MTL_ENABLE_DEBUG_INFO = INCLUDE_SOURCE;
				MTL_FAST_MATH = YES;
				ONLY_ACTIVE_ARCH = YES;
				SDKROOT = iphoneos;
				SWIFT_ACTIVE_COMPILATION_CONDITIONS = DEBUG;
				SWIFT_OPTIMIZATION_LEVEL = "-Onone";
			};
			name = Debug;
		};
		625333B72ACD07F5004976D9 /* Release */ = {
			isa = XCBuildConfiguration;
			buildSettings = {
				ALWAYS_SEARCH_USER_PATHS = NO;
				CLANG_ANALYZER_NONNULL = YES;
				CLANG_ANALYZER_NUMBER_OBJECT_CONVERSION = YES_AGGRESSIVE;
				CLANG_CXX_LANGUAGE_STANDARD = "gnu++20";
				CLANG_ENABLE_MODULES = YES;
				CLANG_ENABLE_OBJC_ARC = YES;
				CLANG_ENABLE_OBJC_WEAK = YES;
				CLANG_WARN_BLOCK_CAPTURE_AUTORELEASING = YES;
				CLANG_WARN_BOOL_CONVERSION = YES;
				CLANG_WARN_COMMA = YES;
				CLANG_WARN_CONSTANT_CONVERSION = YES;
				CLANG_WARN_DEPRECATED_OBJC_IMPLEMENTATIONS = YES;
				CLANG_WARN_DIRECT_OBJC_ISA_USAGE = YES_ERROR;
				CLANG_WARN_DOCUMENTATION_COMMENTS = YES;
				CLANG_WARN_EMPTY_BODY = YES;
				CLANG_WARN_ENUM_CONVERSION = YES;
				CLANG_WARN_INFINITE_RECURSION = YES;
				CLANG_WARN_INT_CONVERSION = YES;
				CLANG_WARN_NON_LITERAL_NULL_CONVERSION = YES;
				CLANG_WARN_OBJC_IMPLICIT_RETAIN_SELF = YES;
				CLANG_WARN_OBJC_LITERAL_CONVERSION = YES;
				CLANG_WARN_OBJC_ROOT_CLASS = YES_ERROR;
				CLANG_WARN_QUOTED_INCLUDE_IN_FRAMEWORK_HEADER = YES;
				CLANG_WARN_RANGE_LOOP_ANALYSIS = YES;
				CLANG_WARN_STRICT_PROTOTYPES = YES;
				CLANG_WARN_SUSPICIOUS_MOVE = YES;
				CLANG_WARN_UNGUARDED_AVAILABILITY = YES_AGGRESSIVE;
				CLANG_WARN_UNREACHABLE_CODE = YES;
				CLANG_WARN__DUPLICATE_METHOD_MATCH = YES;
				COPY_PHASE_STRIP = NO;
				DEBUG_INFORMATION_FORMAT = "dwarf-with-dsym";
				ENABLE_NS_ASSERTIONS = NO;
				ENABLE_STRICT_OBJC_MSGSEND = YES;
				GCC_C_LANGUAGE_STANDARD = gnu11;
				GCC_NO_COMMON_BLOCKS = YES;
				GCC_WARN_64_TO_32_BIT_CONVERSION = YES;
				GCC_WARN_ABOUT_RETURN_TYPE = YES_ERROR;
				GCC_WARN_UNDECLARED_SELECTOR = YES;
				GCC_WARN_UNINITIALIZED_AUTOS = YES_AGGRESSIVE;
				GCC_WARN_UNUSED_FUNCTION = YES;
				GCC_WARN_UNUSED_VARIABLE = YES;
				IPHONEOS_DEPLOYMENT_TARGET = 16.2;
				MTL_ENABLE_DEBUG_INFO = NO;
				MTL_FAST_MATH = YES;
				SDKROOT = iphoneos;
				SWIFT_COMPILATION_MODE = wholemodule;
				SWIFT_OPTIMIZATION_LEVEL = "-O";
				VALIDATE_PRODUCT = YES;
			};
			name = Release;
		};
		625333B92ACD07F5004976D9 /* Debug */ = {
			isa = XCBuildConfiguration;
			buildSettings = {
				ASSETCATALOG_COMPILER_APPICON_NAME = AppIcon;
				ASSETCATALOG_COMPILER_GLOBAL_ACCENT_COLOR_NAME = AccentColor;
				CODE_SIGN_STYLE = Automatic;
				CURRENT_PROJECT_VERSION = 1;
				DEVELOPMENT_ASSET_PATHS = "\"github-users/Preview Content\"";
				DEVELOPMENT_TEAM = ZUJKC4DH23;
				ENABLE_PREVIEWS = YES;
				GENERATE_INFOPLIST_FILE = YES;
				INFOPLIST_KEY_CFBundleDisplayName = GitHub;
				INFOPLIST_KEY_LSApplicationCategoryType = "public.app-category.developer-tools";
				INFOPLIST_KEY_UIApplicationSceneManifest_Generation = YES;
				INFOPLIST_KEY_UIApplicationSupportsIndirectInputEvents = YES;
				INFOPLIST_KEY_UILaunchScreen_Generation = YES;
				INFOPLIST_KEY_UISupportedInterfaceOrientations = UIInterfaceOrientationPortrait;
				IPHONEOS_DEPLOYMENT_TARGET = 14.0;
				LD_RUNPATH_SEARCH_PATHS = (
					"$(inherited)",
					"@executable_path/Frameworks",
				);
				MARKETING_VERSION = 1.0.0;
				PRODUCT_BUNDLE_IDENTIFIER = "cyanvillarin.github-users";
				PRODUCT_NAME = "$(TARGET_NAME)";
				SWIFT_EMIT_LOC_STRINGS = YES;
				SWIFT_VERSION = 5.0;
				TARGETED_DEVICE_FAMILY = "1,2";
			};
			name = Debug;
		};
		625333BA2ACD07F5004976D9 /* Release */ = {
			isa = XCBuildConfiguration;
			buildSettings = {
				ASSETCATALOG_COMPILER_APPICON_NAME = AppIcon;
				ASSETCATALOG_COMPILER_GLOBAL_ACCENT_COLOR_NAME = AccentColor;
				CODE_SIGN_STYLE = Automatic;
				CURRENT_PROJECT_VERSION = 1;
				DEVELOPMENT_ASSET_PATHS = "\"github-users/Preview Content\"";
				DEVELOPMENT_TEAM = ZUJKC4DH23;
				ENABLE_PREVIEWS = YES;
				GENERATE_INFOPLIST_FILE = YES;
				INFOPLIST_KEY_CFBundleDisplayName = GitHub;
				INFOPLIST_KEY_LSApplicationCategoryType = "public.app-category.developer-tools";
				INFOPLIST_KEY_UIApplicationSceneManifest_Generation = YES;
				INFOPLIST_KEY_UIApplicationSupportsIndirectInputEvents = YES;
				INFOPLIST_KEY_UILaunchScreen_Generation = YES;
				INFOPLIST_KEY_UISupportedInterfaceOrientations = UIInterfaceOrientationPortrait;
				IPHONEOS_DEPLOYMENT_TARGET = 14.0;
				LD_RUNPATH_SEARCH_PATHS = (
					"$(inherited)",
					"@executable_path/Frameworks",
				);
				MARKETING_VERSION = 1.0.0;
				PRODUCT_BUNDLE_IDENTIFIER = "cyanvillarin.github-users";
				PRODUCT_NAME = "$(TARGET_NAME)";
				SWIFT_EMIT_LOC_STRINGS = YES;
				SWIFT_VERSION = 5.0;
				TARGETED_DEVICE_FAMILY = "1,2";
			};
			name = Release;
		};
		625333BC2ACD07F5004976D9 /* Debug */ = {
			isa = XCBuildConfiguration;
			buildSettings = {
				ALWAYS_EMBED_SWIFT_STANDARD_LIBRARIES = YES;
				BUNDLE_LOADER = "$(TEST_HOST)";
				CODE_SIGN_STYLE = Automatic;
				CURRENT_PROJECT_VERSION = 1;
				DEVELOPMENT_TEAM = ZUJKC4DH23;
				GENERATE_INFOPLIST_FILE = YES;
				IPHONEOS_DEPLOYMENT_TARGET = 16.2;
				MARKETING_VERSION = 1.0;
				PRODUCT_BUNDLE_IDENTIFIER = "cyanvillarin.github-usersTests";
				PRODUCT_NAME = "$(TARGET_NAME)";
				SWIFT_EMIT_LOC_STRINGS = NO;
				SWIFT_VERSION = 5.0;
				TARGETED_DEVICE_FAMILY = "1,2";
				TEST_HOST = "$(BUILT_PRODUCTS_DIR)/github-users.app/$(BUNDLE_EXECUTABLE_FOLDER_PATH)/github-users";
			};
			name = Debug;
		};
		625333BD2ACD07F5004976D9 /* Release */ = {
			isa = XCBuildConfiguration;
			buildSettings = {
				ALWAYS_EMBED_SWIFT_STANDARD_LIBRARIES = YES;
				BUNDLE_LOADER = "$(TEST_HOST)";
				CODE_SIGN_STYLE = Automatic;
				CURRENT_PROJECT_VERSION = 1;
				DEVELOPMENT_TEAM = ZUJKC4DH23;
				GENERATE_INFOPLIST_FILE = YES;
				IPHONEOS_DEPLOYMENT_TARGET = 16.2;
				MARKETING_VERSION = 1.0;
				PRODUCT_BUNDLE_IDENTIFIER = "cyanvillarin.github-usersTests";
				PRODUCT_NAME = "$(TARGET_NAME)";
				SWIFT_EMIT_LOC_STRINGS = NO;
				SWIFT_VERSION = 5.0;
				TARGETED_DEVICE_FAMILY = "1,2";
				TEST_HOST = "$(BUILT_PRODUCTS_DIR)/github-users.app/$(BUNDLE_EXECUTABLE_FOLDER_PATH)/github-users";
			};
			name = Release;
		};
		625333BF2ACD07F5004976D9 /* Debug */ = {
			isa = XCBuildConfiguration;
			buildSettings = {
				ALWAYS_EMBED_SWIFT_STANDARD_LIBRARIES = YES;
				CODE_SIGN_STYLE = Automatic;
				CURRENT_PROJECT_VERSION = 1;
				DEVELOPMENT_TEAM = ZUJKC4DH23;
				GENERATE_INFOPLIST_FILE = YES;
				MARKETING_VERSION = 1.0;
				PRODUCT_BUNDLE_IDENTIFIER = "cyanvillarin.github-usersUITests";
				PRODUCT_NAME = "$(TARGET_NAME)";
				SWIFT_EMIT_LOC_STRINGS = NO;
				SWIFT_VERSION = 5.0;
				TARGETED_DEVICE_FAMILY = "1,2";
				TEST_TARGET_NAME = "github-users";
			};
			name = Debug;
		};
		625333C02ACD07F5004976D9 /* Release */ = {
			isa = XCBuildConfiguration;
			buildSettings = {
				ALWAYS_EMBED_SWIFT_STANDARD_LIBRARIES = YES;
				CODE_SIGN_STYLE = Automatic;
				CURRENT_PROJECT_VERSION = 1;
				DEVELOPMENT_TEAM = ZUJKC4DH23;
				GENERATE_INFOPLIST_FILE = YES;
				MARKETING_VERSION = 1.0;
				PRODUCT_BUNDLE_IDENTIFIER = "cyanvillarin.github-usersUITests";
				PRODUCT_NAME = "$(TARGET_NAME)";
				SWIFT_EMIT_LOC_STRINGS = NO;
				SWIFT_VERSION = 5.0;
				TARGETED_DEVICE_FAMILY = "1,2";
				TEST_TARGET_NAME = "github-users";
			};
			name = Release;
		};
/* End XCBuildConfiguration section */

/* Begin XCConfigurationList section */
		6253338F2ACD07F3004976D9 /* Build configuration list for PBXProject "github-users" */ = {
			isa = XCConfigurationList;
			buildConfigurations = (
				625333B62ACD07F5004976D9 /* Debug */,
				625333B72ACD07F5004976D9 /* Release */,
			);
			defaultConfigurationIsVisible = 0;
			defaultConfigurationName = Release;
		};
		625333B82ACD07F5004976D9 /* Build configuration list for PBXNativeTarget "github-users" */ = {
			isa = XCConfigurationList;
			buildConfigurations = (
				625333B92ACD07F5004976D9 /* Debug */,
				625333BA2ACD07F5004976D9 /* Release */,
			);
			defaultConfigurationIsVisible = 0;
			defaultConfigurationName = Release;
		};
		625333BB2ACD07F5004976D9 /* Build configuration list for PBXNativeTarget "github-usersTests" */ = {
			isa = XCConfigurationList;
			buildConfigurations = (
				625333BC2ACD07F5004976D9 /* Debug */,
				625333BD2ACD07F5004976D9 /* Release */,
			);
			defaultConfigurationIsVisible = 0;
			defaultConfigurationName = Release;
		};
		625333BE2ACD07F5004976D9 /* Build configuration list for PBXNativeTarget "github-usersUITests" */ = {
			isa = XCConfigurationList;
			buildConfigurations = (
				625333BF2ACD07F5004976D9 /* Debug */,
				625333C02ACD07F5004976D9 /* Release */,
			);
			defaultConfigurationIsVisible = 0;
			defaultConfigurationName = Release;
		};
/* End XCConfigurationList section */
	};
	rootObject = 6253338C2ACD07F3004976D9 /* Project object */;
}
