// !$*UTF8*$!
{
	archiveVersion = 1;
	classes = {
	};
	objectVersion = 56;
	objects = {

/* Begin PBXBuildFile section */
		3C58E9F1CA45321A70D976EE /* Pods_GitHubUsers_GitHubUsersUITests.framework in Frameworks */ = {isa = PBXBuildFile; fileRef = EC503F4A90233A9BD3B373BA /* Pods_GitHubUsers_GitHubUsersUITests.framework */; };
		625333D02ACD10DD004976D9 /* GitHubUsersApp.swift in Sources */ = {isa = PBXBuildFile; fileRef = 625333CF2ACD10DD004976D9 /* GitHubUsersApp.swift */; };
		625333D22ACD10DD004976D9 /* UsersListView.swift in Sources */ = {isa = PBXBuildFile; fileRef = 625333D12ACD10DD004976D9 /* UsersListView.swift */; };
		625333D42ACD10DE004976D9 /* Assets.xcassets in Resources */ = {isa = PBXBuildFile; fileRef = 625333D32ACD10DE004976D9 /* Assets.xcassets */; };
		625333D72ACD10DE004976D9 /* Preview Assets.xcassets in Resources */ = {isa = PBXBuildFile; fileRef = 625333D62ACD10DE004976D9 /* Preview Assets.xcassets */; };
		625333EB2ACD10DE004976D9 /* GitHubUsersUITests.swift in Sources */ = {isa = PBXBuildFile; fileRef = 625333EA2ACD10DE004976D9 /* GitHubUsersUITests.swift */; };
		625333ED2ACD10DE004976D9 /* GitHubUsersUITestsLaunchTests.swift in Sources */ = {isa = PBXBuildFile; fileRef = 625333EC2ACD10DE004976D9 /* GitHubUsersUITestsLaunchTests.swift */; };
		6253542A2ACE4F6D00C760FD /* WebView.swift in Sources */ = {isa = PBXBuildFile; fileRef = 625354292ACE4F6D00C760FD /* WebView.swift */; };
		6253542C2ACE525700C760FD /* RepositoryDetailsView.swift in Sources */ = {isa = PBXBuildFile; fileRef = 6253542B2ACE525700C760FD /* RepositoryDetailsView.swift */; };
		628BB0DB2ACD6184003ED177 /* UsersListViewModel.swift in Sources */ = {isa = PBXBuildFile; fileRef = 628BB0DA2ACD6184003ED177 /* UsersListViewModel.swift */; };
		628BB0DD2ACD61D3003ED177 /* MainView.swift in Sources */ = {isa = PBXBuildFile; fileRef = 628BB0DC2ACD61D3003ED177 /* MainView.swift */; };
		628BB0DF2ACD622F003ED177 /* UserItemView.swift in Sources */ = {isa = PBXBuildFile; fileRef = 628BB0DE2ACD622F003ED177 /* UserItemView.swift */; };
		628BB0E22ACD653B003ED177 /* UserDetailsView.swift in Sources */ = {isa = PBXBuildFile; fileRef = 628BB0E12ACD653B003ED177 /* UserDetailsView.swift */; };
		628BB0E42ACD7458003ED177 /* RepositoryItemView.swift in Sources */ = {isa = PBXBuildFile; fileRef = 628BB0E32ACD7458003ED177 /* RepositoryItemView.swift */; };
		87346D9C2AD3853E005467D8 /* Localizable.strings in Resources */ = {isa = PBXBuildFile; fileRef = 87346D9E2AD3853E005467D8 /* Localizable.strings */; };
		87346DA12AD3862A005467D8 /* Constants.swift in Sources */ = {isa = PBXBuildFile; fileRef = 87346DA02AD3862A005467D8 /* Constants.swift */; };
		87346DA32AD38722005467D8 /* Localizable.swift in Sources */ = {isa = PBXBuildFile; fileRef = 87346DA22AD38722005467D8 /* Localizable.swift */; };
		87346DA62AD38931005467D8 /* String.swift in Sources */ = {isa = PBXBuildFile; fileRef = 87346DA52AD38931005467D8 /* String.swift */; };
		87346DA92AD3BA5D005467D8 /* MockNetworkManager.swift in Sources */ = {isa = PBXBuildFile; fileRef = 87346DA82AD3BA5D005467D8 /* MockNetworkManager.swift */; };
		87346DAC2AD3BA7F005467D8 /* NetworkManagerProtocol.swift in Sources */ = {isa = PBXBuildFile; fileRef = 87346DAB2AD3BA7F005467D8 /* NetworkManagerProtocol.swift */; };
		87346DAE2AD3BE93005467D8 /* UsersListViewModelTests.swift in Sources */ = {isa = PBXBuildFile; fileRef = 87346DAD2AD3BE93005467D8 /* UsersListViewModelTests.swift */; };
		8734FD9A2AD291E7005B65F4 /* NetworkManager.swift in Sources */ = {isa = PBXBuildFile; fileRef = 8734FD992AD291E7005B65F4 /* NetworkManager.swift */; };
		8734FD9D2AD29E3E005B65F4 /* EndPoint.swift in Sources */ = {isa = PBXBuildFile; fileRef = 8734FD9C2AD29E3E005B65F4 /* EndPoint.swift */; };
		8734FDA42AD2F9D3005B65F4 /* BlurView.swift in Sources */ = {isa = PBXBuildFile; fileRef = 8734FDA12AD2F9D3005B65F4 /* BlurView.swift */; };
		8734FDA52AD2F9D3005B65F4 /* AlertToast.swift in Sources */ = {isa = PBXBuildFile; fileRef = 8734FDA22AD2F9D3005B65F4 /* AlertToast.swift */; };
		8734FDA62AD2F9D3005B65F4 /* ActivityIndicator.swift in Sources */ = {isa = PBXBuildFile; fileRef = 8734FDA32AD2F9D3005B65F4 /* ActivityIndicator.swift */; };
		8734FDA82AD3163B005B65F4 /* HeaderTopSection.swift in Sources */ = {isa = PBXBuildFile; fileRef = 8734FDA72AD3163B005B65F4 /* HeaderTopSection.swift */; };
		8734FDAB2AD31713005B65F4 /* HeaderBottomSection.swift in Sources */ = {isa = PBXBuildFile; fileRef = 8734FDAA2AD31713005B65F4 /* HeaderBottomSection.swift */; };
		8760BCA82AD3F1D1008AB1E1 /* UserDetailsViewModelTests.swift in Sources */ = {isa = PBXBuildFile; fileRef = 8760BCA72AD3F1D1008AB1E1 /* UserDetailsViewModelTests.swift */; };
		877A98902ACEE6770055AA13 /* UserDetailsViewModel.swift in Sources */ = {isa = PBXBuildFile; fileRef = 877A988F2ACEE6770055AA13 /* UserDetailsViewModel.swift */; };
		877A98922ACEE6E00055AA13 /* UserDetails.swift in Sources */ = {isa = PBXBuildFile; fileRef = 877A98912ACEE6E00055AA13 /* UserDetails.swift */; };
		877A98942ACEEA7D0055AA13 /* Repository.swift in Sources */ = {isa = PBXBuildFile; fileRef = 877A98932ACEEA7D0055AA13 /* Repository.swift */; };
		87E4809F2AD21FD300D075A7 /* User.swift in Sources */ = {isa = PBXBuildFile; fileRef = 87E4809E2AD21FD300D075A7 /* User.swift */; };
		87E480A22AD22EFE00D075A7 /* UserDefaultsManager.swift in Sources */ = {isa = PBXBuildFile; fileRef = 87E480A12AD22EFE00D075A7 /* UserDefaultsManager.swift */; };
		A7CD513F7626B051085A8A5E /* Pods_GitHubUsersTests.framework in Frameworks */ = {isa = PBXBuildFile; fileRef = F770F04F75076F152CEB9AFA /* Pods_GitHubUsersTests.framework */; };
		B6EAAC04FF0BA1657359E48A /* Pods_GitHubUsers.framework in Frameworks */ = {isa = PBXBuildFile; fileRef = 806123172CFB2A24DADE36B8 /* Pods_GitHubUsers.framework */; };
/* End PBXBuildFile section */

/* Begin PBXContainerItemProxy section */
		625333DD2ACD10DE004976D9 /* PBXContainerItemProxy */ = {
			isa = PBXContainerItemProxy;
			containerPortal = 625333C42ACD10DC004976D9 /* Project object */;
			proxyType = 1;
			remoteGlobalIDString = 625333CB2ACD10DD004976D9;
			remoteInfo = GitHubUsers;
		};
		625333E72ACD10DE004976D9 /* PBXContainerItemProxy */ = {
			isa = PBXContainerItemProxy;
			containerPortal = 625333C42ACD10DC004976D9 /* Project object */;
			proxyType = 1;
			remoteGlobalIDString = 625333CB2ACD10DD004976D9;
			remoteInfo = GitHubUsers;
		};
/* End PBXContainerItemProxy section */

/* Begin PBXFileReference section */
		43771337E93B326A64F65ED7 /* Pods-GitHubUsers.debug.xcconfig */ = {isa = PBXFileReference; includeInIndex = 1; lastKnownFileType = text.xcconfig; name = "Pods-GitHubUsers.debug.xcconfig"; path = "Target Support Files/Pods-GitHubUsers/Pods-GitHubUsers.debug.xcconfig"; sourceTree = "<group>"; };
		58FCD49B73F7EF97F2577C4F /* Pods-GitHubUsers-GitHubUsersUITests.debug.xcconfig */ = {isa = PBXFileReference; includeInIndex = 1; lastKnownFileType = text.xcconfig; name = "Pods-GitHubUsers-GitHubUsersUITests.debug.xcconfig"; path = "Target Support Files/Pods-GitHubUsers-GitHubUsersUITests/Pods-GitHubUsers-GitHubUsersUITests.debug.xcconfig"; sourceTree = "<group>"; };
		625333CC2ACD10DD004976D9 /* GitHubUsers.app */ = {isa = PBXFileReference; explicitFileType = wrapper.application; includeInIndex = 0; path = GitHubUsers.app; sourceTree = BUILT_PRODUCTS_DIR; };
		625333CF2ACD10DD004976D9 /* GitHubUsersApp.swift */ = {isa = PBXFileReference; lastKnownFileType = sourcecode.swift; path = GitHubUsersApp.swift; sourceTree = "<group>"; };
		625333D12ACD10DD004976D9 /* UsersListView.swift */ = {isa = PBXFileReference; lastKnownFileType = sourcecode.swift; path = UsersListView.swift; sourceTree = "<group>"; };
		625333D32ACD10DE004976D9 /* Assets.xcassets */ = {isa = PBXFileReference; lastKnownFileType = folder.assetcatalog; path = Assets.xcassets; sourceTree = "<group>"; };
		625333D62ACD10DE004976D9 /* Preview Assets.xcassets */ = {isa = PBXFileReference; lastKnownFileType = folder.assetcatalog; path = "Preview Assets.xcassets"; sourceTree = "<group>"; };
		625333DC2ACD10DE004976D9 /* GitHubUsersTests.xctest */ = {isa = PBXFileReference; explicitFileType = wrapper.cfbundle; includeInIndex = 0; path = GitHubUsersTests.xctest; sourceTree = BUILT_PRODUCTS_DIR; };
		625333E62ACD10DE004976D9 /* GitHubUsersUITests.xctest */ = {isa = PBXFileReference; explicitFileType = wrapper.cfbundle; includeInIndex = 0; path = GitHubUsersUITests.xctest; sourceTree = BUILT_PRODUCTS_DIR; };
		625333EA2ACD10DE004976D9 /* GitHubUsersUITests.swift */ = {isa = PBXFileReference; lastKnownFileType = sourcecode.swift; path = GitHubUsersUITests.swift; sourceTree = "<group>"; };
		625333EC2ACD10DE004976D9 /* GitHubUsersUITestsLaunchTests.swift */ = {isa = PBXFileReference; lastKnownFileType = sourcecode.swift; path = GitHubUsersUITestsLaunchTests.swift; sourceTree = "<group>"; };
		625354292ACE4F6D00C760FD /* WebView.swift */ = {isa = PBXFileReference; lastKnownFileType = sourcecode.swift; path = WebView.swift; sourceTree = "<group>"; };
		6253542B2ACE525700C760FD /* RepositoryDetailsView.swift */ = {isa = PBXFileReference; lastKnownFileType = sourcecode.swift; path = RepositoryDetailsView.swift; sourceTree = "<group>"; };
		628BB0DA2ACD6184003ED177 /* UsersListViewModel.swift */ = {isa = PBXFileReference; lastKnownFileType = sourcecode.swift; path = UsersListViewModel.swift; sourceTree = "<group>"; };
		628BB0DC2ACD61D3003ED177 /* MainView.swift */ = {isa = PBXFileReference; lastKnownFileType = sourcecode.swift; path = MainView.swift; sourceTree = "<group>"; };
		628BB0DE2ACD622F003ED177 /* UserItemView.swift */ = {isa = PBXFileReference; lastKnownFileType = sourcecode.swift; path = UserItemView.swift; sourceTree = "<group>"; };
		628BB0E12ACD653B003ED177 /* UserDetailsView.swift */ = {isa = PBXFileReference; lastKnownFileType = sourcecode.swift; path = UserDetailsView.swift; sourceTree = "<group>"; };
		628BB0E32ACD7458003ED177 /* RepositoryItemView.swift */ = {isa = PBXFileReference; lastKnownFileType = sourcecode.swift; path = RepositoryItemView.swift; sourceTree = "<group>"; };
		78AC487F41AC984522569641 /* Pods-GitHubUsersTests.debug.xcconfig */ = {isa = PBXFileReference; includeInIndex = 1; lastKnownFileType = text.xcconfig; name = "Pods-GitHubUsersTests.debug.xcconfig"; path = "Target Support Files/Pods-GitHubUsersTests/Pods-GitHubUsersTests.debug.xcconfig"; sourceTree = "<group>"; };
		806123172CFB2A24DADE36B8 /* Pods_GitHubUsers.framework */ = {isa = PBXFileReference; explicitFileType = wrapper.framework; includeInIndex = 0; path = Pods_GitHubUsers.framework; sourceTree = BUILT_PRODUCTS_DIR; };
		85790426FF023034B13085BF /* Pods-GitHubUsers-GitHubUsersUITests.release.xcconfig */ = {isa = PBXFileReference; includeInIndex = 1; lastKnownFileType = text.xcconfig; name = "Pods-GitHubUsers-GitHubUsersUITests.release.xcconfig"; path = "Target Support Files/Pods-GitHubUsers-GitHubUsersUITests/Pods-GitHubUsers-GitHubUsersUITests.release.xcconfig"; sourceTree = "<group>"; };
		87346D9D2AD3853E005467D8 /* en */ = {isa = PBXFileReference; lastKnownFileType = text.plist.strings; name = en; path = en.lproj/Localizable.strings; sourceTree = "<group>"; };
		87346D9F2AD38541005467D8 /* ja */ = {isa = PBXFileReference; lastKnownFileType = text.plist.strings; name = ja; path = ja.lproj/Localizable.strings; sourceTree = "<group>"; };
		87346DA02AD3862A005467D8 /* Constants.swift */ = {isa = PBXFileReference; lastKnownFileType = sourcecode.swift; path = Constants.swift; sourceTree = "<group>"; };
		87346DA22AD38722005467D8 /* Localizable.swift */ = {isa = PBXFileReference; lastKnownFileType = sourcecode.swift; path = Localizable.swift; sourceTree = "<group>"; };
		87346DA52AD38931005467D8 /* String.swift */ = {isa = PBXFileReference; lastKnownFileType = sourcecode.swift; path = String.swift; sourceTree = "<group>"; };
		87346DA82AD3BA5D005467D8 /* MockNetworkManager.swift */ = {isa = PBXFileReference; lastKnownFileType = sourcecode.swift; path = MockNetworkManager.swift; sourceTree = "<group>"; };
		87346DAB2AD3BA7F005467D8 /* NetworkManagerProtocol.swift */ = {isa = PBXFileReference; lastKnownFileType = sourcecode.swift; path = NetworkManagerProtocol.swift; sourceTree = "<group>"; };
		87346DAD2AD3BE93005467D8 /* UsersListViewModelTests.swift */ = {isa = PBXFileReference; lastKnownFileType = sourcecode.swift; path = UsersListViewModelTests.swift; sourceTree = "<group>"; };
		8734FD992AD291E7005B65F4 /* NetworkManager.swift */ = {isa = PBXFileReference; lastKnownFileType = sourcecode.swift; path = NetworkManager.swift; sourceTree = "<group>"; };
		8734FD9C2AD29E3E005B65F4 /* EndPoint.swift */ = {isa = PBXFileReference; lastKnownFileType = sourcecode.swift; path = EndPoint.swift; sourceTree = "<group>"; };
		8734FDA12AD2F9D3005B65F4 /* BlurView.swift */ = {isa = PBXFileReference; fileEncoding = 4; lastKnownFileType = sourcecode.swift; path = BlurView.swift; sourceTree = "<group>"; };
		8734FDA22AD2F9D3005B65F4 /* AlertToast.swift */ = {isa = PBXFileReference; fileEncoding = 4; lastKnownFileType = sourcecode.swift; path = AlertToast.swift; sourceTree = "<group>"; };
		8734FDA32AD2F9D3005B65F4 /* ActivityIndicator.swift */ = {isa = PBXFileReference; fileEncoding = 4; lastKnownFileType = sourcecode.swift; path = ActivityIndicator.swift; sourceTree = "<group>"; };
		8734FDA72AD3163B005B65F4 /* HeaderTopSection.swift */ = {isa = PBXFileReference; lastKnownFileType = sourcecode.swift; path = HeaderTopSection.swift; sourceTree = "<group>"; };
		8734FDAA2AD31713005B65F4 /* HeaderBottomSection.swift */ = {isa = PBXFileReference; lastKnownFileType = sourcecode.swift; path = HeaderBottomSection.swift; sourceTree = "<group>"; };
		8760BCA72AD3F1D1008AB1E1 /* UserDetailsViewModelTests.swift */ = {isa = PBXFileReference; lastKnownFileType = sourcecode.swift; path = UserDetailsViewModelTests.swift; sourceTree = "<group>"; };
		877A988F2ACEE6770055AA13 /* UserDetailsViewModel.swift */ = {isa = PBXFileReference; lastKnownFileType = sourcecode.swift; path = UserDetailsViewModel.swift; sourceTree = "<group>"; };
		877A98912ACEE6E00055AA13 /* UserDetails.swift */ = {isa = PBXFileReference; lastKnownFileType = sourcecode.swift; path = UserDetails.swift; sourceTree = "<group>"; };
		877A98932ACEEA7D0055AA13 /* Repository.swift */ = {isa = PBXFileReference; lastKnownFileType = sourcecode.swift; path = Repository.swift; sourceTree = "<group>"; };
		87E4809E2AD21FD300D075A7 /* User.swift */ = {isa = PBXFileReference; lastKnownFileType = sourcecode.swift; path = User.swift; sourceTree = "<group>"; };
		87E480A12AD22EFE00D075A7 /* UserDefaultsManager.swift */ = {isa = PBXFileReference; lastKnownFileType = sourcecode.swift; path = UserDefaultsManager.swift; sourceTree = "<group>"; };
		8B00E6DC7E9A2FD4A3416AED /* Pods-GitHubUsersTests.release.xcconfig */ = {isa = PBXFileReference; includeInIndex = 1; lastKnownFileType = text.xcconfig; name = "Pods-GitHubUsersTests.release.xcconfig"; path = "Target Support Files/Pods-GitHubUsersTests/Pods-GitHubUsersTests.release.xcconfig"; sourceTree = "<group>"; };
		C25C5DDA3F3228B077827149 /* Pods-GitHubUsers.release.xcconfig */ = {isa = PBXFileReference; includeInIndex = 1; lastKnownFileType = text.xcconfig; name = "Pods-GitHubUsers.release.xcconfig"; path = "Target Support Files/Pods-GitHubUsers/Pods-GitHubUsers.release.xcconfig"; sourceTree = "<group>"; };
		EC503F4A90233A9BD3B373BA /* Pods_GitHubUsers_GitHubUsersUITests.framework */ = {isa = PBXFileReference; explicitFileType = wrapper.framework; includeInIndex = 0; path = Pods_GitHubUsers_GitHubUsersUITests.framework; sourceTree = BUILT_PRODUCTS_DIR; };
		F770F04F75076F152CEB9AFA /* Pods_GitHubUsersTests.framework */ = {isa = PBXFileReference; explicitFileType = wrapper.framework; includeInIndex = 0; path = Pods_GitHubUsersTests.framework; sourceTree = BUILT_PRODUCTS_DIR; };
/* End PBXFileReference section */

/* Begin PBXFrameworksBuildPhase section */
		625333C92ACD10DD004976D9 /* Frameworks */ = {
			isa = PBXFrameworksBuildPhase;
			buildActionMask = 2147483647;
			files = (
				B6EAAC04FF0BA1657359E48A /* Pods_GitHubUsers.framework in Frameworks */,
			);
			runOnlyForDeploymentPostprocessing = 0;
		};
		625333D92ACD10DE004976D9 /* Frameworks */ = {
			isa = PBXFrameworksBuildPhase;
			buildActionMask = 2147483647;
			files = (
				A7CD513F7626B051085A8A5E /* Pods_GitHubUsersTests.framework in Frameworks */,
			);
			runOnlyForDeploymentPostprocessing = 0;
		};
		625333E32ACD10DE004976D9 /* Frameworks */ = {
			isa = PBXFrameworksBuildPhase;
			buildActionMask = 2147483647;
			files = (
				3C58E9F1CA45321A70D976EE /* Pods_GitHubUsers_GitHubUsersUITests.framework in Frameworks */,
			);
			runOnlyForDeploymentPostprocessing = 0;
		};
/* End PBXFrameworksBuildPhase section */

/* Begin PBXGroup section */
		173FD0B403B8AA8FB54AB36A /* Frameworks */ = {
			isa = PBXGroup;
			children = (
				806123172CFB2A24DADE36B8 /* Pods_GitHubUsers.framework */,
				EC503F4A90233A9BD3B373BA /* Pods_GitHubUsers_GitHubUsersUITests.framework */,
				F770F04F75076F152CEB9AFA /* Pods_GitHubUsersTests.framework */,
			);
			name = Frameworks;
			sourceTree = "<group>";
		};
		549B46B9ACF8F8105508B00C /* Pods */ = {
			isa = PBXGroup;
			children = (
				43771337E93B326A64F65ED7 /* Pods-GitHubUsers.debug.xcconfig */,
				C25C5DDA3F3228B077827149 /* Pods-GitHubUsers.release.xcconfig */,
				58FCD49B73F7EF97F2577C4F /* Pods-GitHubUsers-GitHubUsersUITests.debug.xcconfig */,
				85790426FF023034B13085BF /* Pods-GitHubUsers-GitHubUsersUITests.release.xcconfig */,
				78AC487F41AC984522569641 /* Pods-GitHubUsersTests.debug.xcconfig */,
				8B00E6DC7E9A2FD4A3416AED /* Pods-GitHubUsersTests.release.xcconfig */,
			);
			path = Pods;
			sourceTree = "<group>";
		};
		625333C32ACD10DC004976D9 = {
			isa = PBXGroup;
			children = (
				625333CE2ACD10DD004976D9 /* GitHubUsers */,
				625333DF2ACD10DE004976D9 /* GitHubUsersTests */,
				625333E92ACD10DE004976D9 /* GitHubUsersUITests */,
				625333CD2ACD10DD004976D9 /* Products */,
				549B46B9ACF8F8105508B00C /* Pods */,
				173FD0B403B8AA8FB54AB36A /* Frameworks */,
			);
			sourceTree = "<group>";
		};
		625333CD2ACD10DD004976D9 /* Products */ = {
			isa = PBXGroup;
			children = (
				625333CC2ACD10DD004976D9 /* GitHubUsers.app */,
				625333DC2ACD10DE004976D9 /* GitHubUsersTests.xctest */,
				625333E62ACD10DE004976D9 /* GitHubUsersUITests.xctest */,
			);
			name = Products;
			sourceTree = "<group>";
		};
		625333CE2ACD10DD004976D9 /* GitHubUsers */ = {
			isa = PBXGroup;
			children = (
				625333CF2ACD10DD004976D9 /* GitHubUsersApp.swift */,
				628BB0DC2ACD61D3003ED177 /* MainView.swift */,
				87346DA02AD3862A005467D8 /* Constants.swift */,
				87346DA42AD38927005467D8 /* Extensions */,
				87346DA72AD3B66F005467D8 /* Localizable */,
				877A98952ACEEAB70055AA13 /* Models */,
				87346DAA2AD3BA6C005467D8 /* Protocols */,
				87E480A02AD22EEA00D075A7 /* Managers */,
				8734FD9B2AD29E34005B65F4 /* Enums */,
				625354282ACE4F6400C760FD /* CommonViews */,
				628BB0D92ACD6174003ED177 /* UsersList */,
				628BB0E02ACD652B003ED177 /* UserDetails */,
				625354272ACE4F3D00C760FD /* RepositoryDetails */,
				625333D32ACD10DE004976D9 /* Assets.xcassets */,
				625333D52ACD10DE004976D9 /* Preview Content */,
			);
			path = GitHubUsers;
			sourceTree = "<group>";
		};
		625333D52ACD10DE004976D9 /* Preview Content */ = {
			isa = PBXGroup;
			children = (
				625333D62ACD10DE004976D9 /* Preview Assets.xcassets */,
			);
			path = "Preview Content";
			sourceTree = "<group>";
		};
		625333DF2ACD10DE004976D9 /* GitHubUsersTests */ = {
			isa = PBXGroup;
			children = (
				87346DAD2AD3BE93005467D8 /* UsersListViewModelTests.swift */,
				8760BCA72AD3F1D1008AB1E1 /* UserDetailsViewModelTests.swift */,
			);
			path = GitHubUsersTests;
			sourceTree = "<group>";
		};
		625333E92ACD10DE004976D9 /* GitHubUsersUITests */ = {
			isa = PBXGroup;
			children = (
				625333EA2ACD10DE004976D9 /* GitHubUsersUITests.swift */,
				625333EC2ACD10DE004976D9 /* GitHubUsersUITestsLaunchTests.swift */,
			);
			path = GitHubUsersUITests;
			sourceTree = "<group>";
		};
		625354272ACE4F3D00C760FD /* RepositoryDetails */ = {
			isa = PBXGroup;
			children = (
				6253542B2ACE525700C760FD /* RepositoryDetailsView.swift */,
			);
			path = RepositoryDetails;
			sourceTree = "<group>";
		};
		625354282ACE4F6400C760FD /* CommonViews */ = {
			isa = PBXGroup;
			children = (
				8734FDA02AD2F9D3005B65F4 /* AlertToast */,
				625354292ACE4F6D00C760FD /* WebView.swift */,
			);
			path = CommonViews;
			sourceTree = "<group>";
		};
		6253542D2ACE55F000C760FD /* RepositoryItem */ = {
			isa = PBXGroup;
			children = (
				628BB0E32ACD7458003ED177 /* RepositoryItemView.swift */,
			);
			path = RepositoryItem;
			sourceTree = "<group>";
		};
		6253542E2ACE55FC00C760FD /* UserItem */ = {
			isa = PBXGroup;
			children = (
				628BB0DE2ACD622F003ED177 /* UserItemView.swift */,
			);
			path = UserItem;
			sourceTree = "<group>";
		};
		628BB0D92ACD6174003ED177 /* UsersList */ = {
			isa = PBXGroup;
			children = (
				6253542E2ACE55FC00C760FD /* UserItem */,
				625333D12ACD10DD004976D9 /* UsersListView.swift */,
				628BB0DA2ACD6184003ED177 /* UsersListViewModel.swift */,
			);
			path = UsersList;
			sourceTree = "<group>";
		};
		628BB0E02ACD652B003ED177 /* UserDetails */ = {
			isa = PBXGroup;
			children = (
				8734FDA92AD316EF005B65F4 /* UserDetailsHeader */,
				6253542D2ACE55F000C760FD /* RepositoryItem */,
				628BB0E12ACD653B003ED177 /* UserDetailsView.swift */,
				877A988F2ACEE6770055AA13 /* UserDetailsViewModel.swift */,
			);
			path = UserDetails;
			sourceTree = "<group>";
		};
		87346DA42AD38927005467D8 /* Extensions */ = {
			isa = PBXGroup;
			children = (
				87346DA52AD38931005467D8 /* String.swift */,
			);
			path = Extensions;
			sourceTree = "<group>";
		};
		87346DA72AD3B66F005467D8 /* Localizable */ = {
			isa = PBXGroup;
			children = (
				87346DA22AD38722005467D8 /* Localizable.swift */,
				87346D9E2AD3853E005467D8 /* Localizable.strings */,
			);
			path = Localizable;
			sourceTree = "<group>";
		};
		87346DAA2AD3BA6C005467D8 /* Protocols */ = {
			isa = PBXGroup;
			children = (
				87346DAB2AD3BA7F005467D8 /* NetworkManagerProtocol.swift */,
			);
			path = Protocols;
			sourceTree = "<group>";
		};
		8734FD9B2AD29E34005B65F4 /* Enums */ = {
			isa = PBXGroup;
			children = (
				8734FD9C2AD29E3E005B65F4 /* EndPoint.swift */,
			);
			path = Enums;
			sourceTree = "<group>";
		};
		8734FDA02AD2F9D3005B65F4 /* AlertToast */ = {
			isa = PBXGroup;
			children = (
				8734FDA12AD2F9D3005B65F4 /* BlurView.swift */,
				8734FDA22AD2F9D3005B65F4 /* AlertToast.swift */,
				8734FDA32AD2F9D3005B65F4 /* ActivityIndicator.swift */,
			);
			path = AlertToast;
			sourceTree = "<group>";
		};
		8734FDA92AD316EF005B65F4 /* UserDetailsHeader */ = {
			isa = PBXGroup;
			children = (
				8734FDA72AD3163B005B65F4 /* HeaderTopSection.swift */,
				8734FDAA2AD31713005B65F4 /* HeaderBottomSection.swift */,
			);
			path = UserDetailsHeader;
			sourceTree = "<group>";
		};
		877A98952ACEEAB70055AA13 /* Models */ = {
			isa = PBXGroup;
			children = (
				87E4809E2AD21FD300D075A7 /* User.swift */,
				877A98912ACEE6E00055AA13 /* UserDetails.swift */,
				877A98932ACEEA7D0055AA13 /* Repository.swift */,
			);
			path = Models;
			sourceTree = "<group>";
		};
		87E480A02AD22EEA00D075A7 /* Managers */ = {
			isa = PBXGroup;
			children = (
				87E480A12AD22EFE00D075A7 /* UserDefaultsManager.swift */,
				8734FD992AD291E7005B65F4 /* NetworkManager.swift */,
				87346DA82AD3BA5D005467D8 /* MockNetworkManager.swift */,
			);
			path = Managers;
			sourceTree = "<group>";
		};
/* End PBXGroup section */

/* Begin PBXNativeTarget section */
		625333CB2ACD10DD004976D9 /* GitHubUsers */ = {
			isa = PBXNativeTarget;
			buildConfigurationList = 625333F02ACD10DE004976D9 /* Build configuration list for PBXNativeTarget "GitHubUsers" */;
			buildPhases = (
				B8C6154E58F0755976959565 /* [CP] Check Pods Manifest.lock */,
				625333C82ACD10DD004976D9 /* Sources */,
				625333C92ACD10DD004976D9 /* Frameworks */,
				625333CA2ACD10DD004976D9 /* Resources */,
				26F6B5FBE06EF6E7FA32FD51 /* [CP] Embed Pods Frameworks */,
			);
			buildRules = (
			);
			dependencies = (
			);
			name = GitHubUsers;
			productName = GitHubUsers;
			productReference = 625333CC2ACD10DD004976D9 /* GitHubUsers.app */;
			productType = "com.apple.product-type.application";
		};
		625333DB2ACD10DE004976D9 /* GitHubUsersTests */ = {
			isa = PBXNativeTarget;
			buildConfigurationList = 625333F32ACD10DE004976D9 /* Build configuration list for PBXNativeTarget "GitHubUsersTests" */;
			buildPhases = (
				988E3EDB0D79EF6074C2297D /* [CP] Check Pods Manifest.lock */,
				625333D82ACD10DE004976D9 /* Sources */,
				625333D92ACD10DE004976D9 /* Frameworks */,
				625333DA2ACD10DE004976D9 /* Resources */,
			);
			buildRules = (
			);
			dependencies = (
				625333DE2ACD10DE004976D9 /* PBXTargetDependency */,
			);
			name = GitHubUsersTests;
			productName = GitHubUsersTests;
			productReference = 625333DC2ACD10DE004976D9 /* GitHubUsersTests.xctest */;
			productType = "com.apple.product-type.bundle.unit-test";
		};
		625333E52ACD10DE004976D9 /* GitHubUsersUITests */ = {
			isa = PBXNativeTarget;
			buildConfigurationList = 625333F62ACD10DE004976D9 /* Build configuration list for PBXNativeTarget "GitHubUsersUITests" */;
			buildPhases = (
				66936ADB477C4322A8B3564B /* [CP] Check Pods Manifest.lock */,
				625333E22ACD10DE004976D9 /* Sources */,
				625333E32ACD10DE004976D9 /* Frameworks */,
				625333E42ACD10DE004976D9 /* Resources */,
				949F4611F5FEC00B3DE44DEA /* [CP] Embed Pods Frameworks */,
			);
			buildRules = (
			);
			dependencies = (
				625333E82ACD10DE004976D9 /* PBXTargetDependency */,
			);
			name = GitHubUsersUITests;
			productName = GitHubUsersUITests;
			productReference = 625333E62ACD10DE004976D9 /* GitHubUsersUITests.xctest */;
			productType = "com.apple.product-type.bundle.ui-testing";
		};
/* End PBXNativeTarget section */

/* Begin PBXProject section */
		625333C42ACD10DC004976D9 /* Project object */ = {
			isa = PBXProject;
			attributes = {
				BuildIndependentTargetsInParallel = 1;
				LastSwiftUpdateCheck = 1420;
				LastUpgradeCheck = 1420;
				TargetAttributes = {
					625333CB2ACD10DD004976D9 = {
						CreatedOnToolsVersion = 14.2;
					};
					625333DB2ACD10DE004976D9 = {
						CreatedOnToolsVersion = 14.2;
						TestTargetID = 625333CB2ACD10DD004976D9;
					};
					625333E52ACD10DE004976D9 = {
						CreatedOnToolsVersion = 14.2;
						TestTargetID = 625333CB2ACD10DD004976D9;
					};
				};
			};
			buildConfigurationList = 625333C72ACD10DC004976D9 /* Build configuration list for PBXProject "GitHubUsers" */;
			compatibilityVersion = "Xcode 14.0";
			developmentRegion = en;
			hasScannedForEncodings = 0;
			knownRegions = (
				en,
				Base,
				ja,
			);
			mainGroup = 625333C32ACD10DC004976D9;
			productRefGroup = 625333CD2ACD10DD004976D9 /* Products */;
			projectDirPath = "";
			projectRoot = "";
			targets = (
				625333CB2ACD10DD004976D9 /* GitHubUsers */,
				625333DB2ACD10DE004976D9 /* GitHubUsersTests */,
				625333E52ACD10DE004976D9 /* GitHubUsersUITests */,
			);
		};
/* End PBXProject section */

/* Begin PBXResourcesBuildPhase section */
		625333CA2ACD10DD004976D9 /* Resources */ = {
			isa = PBXResourcesBuildPhase;
			buildActionMask = 2147483647;
			files = (
				625333D72ACD10DE004976D9 /* Preview Assets.xcassets in Resources */,
				87346D9C2AD3853E005467D8 /* Localizable.strings in Resources */,
				625333D42ACD10DE004976D9 /* Assets.xcassets in Resources */,
			);
			runOnlyForDeploymentPostprocessing = 0;
		};
		625333DA2ACD10DE004976D9 /* Resources */ = {
			isa = PBXResourcesBuildPhase;
			buildActionMask = 2147483647;
			files = (
			);
			runOnlyForDeploymentPostprocessing = 0;
		};
		625333E42ACD10DE004976D9 /* Resources */ = {
			isa = PBXResourcesBuildPhase;
			buildActionMask = 2147483647;
			files = (
			);
			runOnlyForDeploymentPostprocessing = 0;
		};
/* End PBXResourcesBuildPhase section */

/* Begin PBXShellScriptBuildPhase section */
		26F6B5FBE06EF6E7FA32FD51 /* [CP] Embed Pods Frameworks */ = {
			isa = PBXShellScriptBuildPhase;
			buildActionMask = 2147483647;
			files = (
			);
			inputFileListPaths = (
				"${PODS_ROOT}/Target Support Files/Pods-GitHubUsers/Pods-GitHubUsers-frameworks-${CONFIGURATION}-input-files.xcfilelist",
			);
			name = "[CP] Embed Pods Frameworks";
			outputFileListPaths = (
				"${PODS_ROOT}/Target Support Files/Pods-GitHubUsers/Pods-GitHubUsers-frameworks-${CONFIGURATION}-output-files.xcfilelist",
			);
			runOnlyForDeploymentPostprocessing = 0;
			shellPath = /bin/sh;
			shellScript = "\"${PODS_ROOT}/Target Support Files/Pods-GitHubUsers/Pods-GitHubUsers-frameworks.sh\"\n";
			showEnvVarsInLog = 0;
		};
		66936ADB477C4322A8B3564B /* [CP] Check Pods Manifest.lock */ = {
			isa = PBXShellScriptBuildPhase;
			buildActionMask = 2147483647;
			files = (
			);
			inputFileListPaths = (
			);
			inputPaths = (
				"${PODS_PODFILE_DIR_PATH}/Podfile.lock",
				"${PODS_ROOT}/Manifest.lock",
			);
			name = "[CP] Check Pods Manifest.lock";
			outputFileListPaths = (
			);
			outputPaths = (
				"$(DERIVED_FILE_DIR)/Pods-GitHubUsers-GitHubUsersUITests-checkManifestLockResult.txt",
			);
			runOnlyForDeploymentPostprocessing = 0;
			shellPath = /bin/sh;
			shellScript = "diff \"${PODS_PODFILE_DIR_PATH}/Podfile.lock\" \"${PODS_ROOT}/Manifest.lock\" > /dev/null\nif [ $? != 0 ] ; then\n    # print error to STDERR\n    echo \"error: The sandbox is not in sync with the Podfile.lock. Run 'pod install' or update your CocoaPods installation.\" >&2\n    exit 1\nfi\n# This output is used by Xcode 'outputs' to avoid re-running this script phase.\necho \"SUCCESS\" > \"${SCRIPT_OUTPUT_FILE_0}\"\n";
			showEnvVarsInLog = 0;
		};
		949F4611F5FEC00B3DE44DEA /* [CP] Embed Pods Frameworks */ = {
			isa = PBXShellScriptBuildPhase;
			buildActionMask = 2147483647;
			files = (
			);
			inputFileListPaths = (
				"${PODS_ROOT}/Target Support Files/Pods-GitHubUsers-GitHubUsersUITests/Pods-GitHubUsers-GitHubUsersUITests-frameworks-${CONFIGURATION}-input-files.xcfilelist",
			);
			name = "[CP] Embed Pods Frameworks";
			outputFileListPaths = (
				"${PODS_ROOT}/Target Support Files/Pods-GitHubUsers-GitHubUsersUITests/Pods-GitHubUsers-GitHubUsersUITests-frameworks-${CONFIGURATION}-output-files.xcfilelist",
			);
			runOnlyForDeploymentPostprocessing = 0;
			shellPath = /bin/sh;
			shellScript = "\"${PODS_ROOT}/Target Support Files/Pods-GitHubUsers-GitHubUsersUITests/Pods-GitHubUsers-GitHubUsersUITests-frameworks.sh\"\n";
			showEnvVarsInLog = 0;
		};
		988E3EDB0D79EF6074C2297D /* [CP] Check Pods Manifest.lock */ = {
			isa = PBXShellScriptBuildPhase;
			buildActionMask = 2147483647;
			files = (
			);
			inputFileListPaths = (
			);
			inputPaths = (
				"${PODS_PODFILE_DIR_PATH}/Podfile.lock",
				"${PODS_ROOT}/Manifest.lock",
			);
			name = "[CP] Check Pods Manifest.lock";
			outputFileListPaths = (
			);
			outputPaths = (
				"$(DERIVED_FILE_DIR)/Pods-GitHubUsersTests-checkManifestLockResult.txt",
			);
			runOnlyForDeploymentPostprocessing = 0;
			shellPath = /bin/sh;
			shellScript = "diff \"${PODS_PODFILE_DIR_PATH}/Podfile.lock\" \"${PODS_ROOT}/Manifest.lock\" > /dev/null\nif [ $? != 0 ] ; then\n    # print error to STDERR\n    echo \"error: The sandbox is not in sync with the Podfile.lock. Run 'pod install' or update your CocoaPods installation.\" >&2\n    exit 1\nfi\n# This output is used by Xcode 'outputs' to avoid re-running this script phase.\necho \"SUCCESS\" > \"${SCRIPT_OUTPUT_FILE_0}\"\n";
			showEnvVarsInLog = 0;
		};
		B8C6154E58F0755976959565 /* [CP] Check Pods Manifest.lock */ = {
			isa = PBXShellScriptBuildPhase;
			buildActionMask = 2147483647;
			files = (
			);
			inputFileListPaths = (
			);
			inputPaths = (
				"${PODS_PODFILE_DIR_PATH}/Podfile.lock",
				"${PODS_ROOT}/Manifest.lock",
			);
			name = "[CP] Check Pods Manifest.lock";
			outputFileListPaths = (
			);
			outputPaths = (
				"$(DERIVED_FILE_DIR)/Pods-GitHubUsers-checkManifestLockResult.txt",
			);
			runOnlyForDeploymentPostprocessing = 0;
			shellPath = /bin/sh;
			shellScript = "diff \"${PODS_PODFILE_DIR_PATH}/Podfile.lock\" \"${PODS_ROOT}/Manifest.lock\" > /dev/null\nif [ $? != 0 ] ; then\n    # print error to STDERR\n    echo \"error: The sandbox is not in sync with the Podfile.lock. Run 'pod install' or update your CocoaPods installation.\" >&2\n    exit 1\nfi\n# This output is used by Xcode 'outputs' to avoid re-running this script phase.\necho \"SUCCESS\" > \"${SCRIPT_OUTPUT_FILE_0}\"\n";
			showEnvVarsInLog = 0;
		};
/* End PBXShellScriptBuildPhase section */

/* Begin PBXSourcesBuildPhase section */
		625333C82ACD10DD004976D9 /* Sources */ = {
			isa = PBXSourcesBuildPhase;
			buildActionMask = 2147483647;
			files = (
				625333D22ACD10DD004976D9 /* UsersListView.swift in Sources */,
				87346DA12AD3862A005467D8 /* Constants.swift in Sources */,
				87346DA32AD38722005467D8 /* Localizable.swift in Sources */,
				6253542A2ACE4F6D00C760FD /* WebView.swift in Sources */,
				87346DA92AD3BA5D005467D8 /* MockNetworkManager.swift in Sources */,
				6253542C2ACE525700C760FD /* RepositoryDetailsView.swift in Sources */,
				877A98942ACEEA7D0055AA13 /* Repository.swift in Sources */,
				87346DA62AD38931005467D8 /* String.swift in Sources */,
				8734FDA42AD2F9D3005B65F4 /* BlurView.swift in Sources */,
				628BB0DD2ACD61D3003ED177 /* MainView.swift in Sources */,
				8734FDA52AD2F9D3005B65F4 /* AlertToast.swift in Sources */,
				628BB0DB2ACD6184003ED177 /* UsersListViewModel.swift in Sources */,
				877A98922ACEE6E00055AA13 /* UserDetails.swift in Sources */,
				625333D02ACD10DD004976D9 /* GitHubUsersApp.swift in Sources */,
				8734FDA82AD3163B005B65F4 /* HeaderTopSection.swift in Sources */,
				628BB0E42ACD7458003ED177 /* RepositoryItemView.swift in Sources */,
				628BB0E22ACD653B003ED177 /* UserDetailsView.swift in Sources */,
				8734FD9D2AD29E3E005B65F4 /* EndPoint.swift in Sources */,
				87E480A22AD22EFE00D075A7 /* UserDefaultsManager.swift in Sources */,
				877A98902ACEE6770055AA13 /* UserDetailsViewModel.swift in Sources */,
				8734FDA62AD2F9D3005B65F4 /* ActivityIndicator.swift in Sources */,
				8734FDAB2AD31713005B65F4 /* HeaderBottomSection.swift in Sources */,
				8734FD9A2AD291E7005B65F4 /* NetworkManager.swift in Sources */,
				628BB0DF2ACD622F003ED177 /* UserItemView.swift in Sources */,
				87346DAC2AD3BA7F005467D8 /* NetworkManagerProtocol.swift in Sources */,
				87E4809F2AD21FD300D075A7 /* User.swift in Sources */,
			);
			runOnlyForDeploymentPostprocessing = 0;
		};
		625333D82ACD10DE004976D9 /* Sources */ = {
			isa = PBXSourcesBuildPhase;
			buildActionMask = 2147483647;
			files = (
				8760BCA82AD3F1D1008AB1E1 /* UserDetailsViewModelTests.swift in Sources */,
				87346DAE2AD3BE93005467D8 /* UsersListViewModelTests.swift in Sources */,
			);
			runOnlyForDeploymentPostprocessing = 0;
		};
		625333E22ACD10DE004976D9 /* Sources */ = {
			isa = PBXSourcesBuildPhase;
			buildActionMask = 2147483647;
			files = (
				625333ED2ACD10DE004976D9 /* GitHubUsersUITestsLaunchTests.swift in Sources */,
				625333EB2ACD10DE004976D9 /* GitHubUsersUITests.swift in Sources */,
			);
			runOnlyForDeploymentPostprocessing = 0;
		};
/* End PBXSourcesBuildPhase section */

/* Begin PBXTargetDependency section */
		625333DE2ACD10DE004976D9 /* PBXTargetDependency */ = {
			isa = PBXTargetDependency;
			target = 625333CB2ACD10DD004976D9 /* GitHubUsers */;
			targetProxy = 625333DD2ACD10DE004976D9 /* PBXContainerItemProxy */;
		};
		625333E82ACD10DE004976D9 /* PBXTargetDependency */ = {
			isa = PBXTargetDependency;
			target = 625333CB2ACD10DD004976D9 /* GitHubUsers */;
			targetProxy = 625333E72ACD10DE004976D9 /* PBXContainerItemProxy */;
		};
/* End PBXTargetDependency section */

/* Begin PBXVariantGroup section */
		87346D9E2AD3853E005467D8 /* Localizable.strings */ = {
			isa = PBXVariantGroup;
			children = (
				87346D9D2AD3853E005467D8 /* en */,
				87346D9F2AD38541005467D8 /* ja */,
			);
			name = Localizable.strings;
			sourceTree = "<group>";
		};
/* End PBXVariantGroup section */

/* Begin XCBuildConfiguration section */
		625333EE2ACD10DE004976D9 /* Debug */ = {
			isa = XCBuildConfiguration;
			buildSettings = {
				ALWAYS_SEARCH_USER_PATHS = NO;
				CLANG_ANALYZER_NONNULL = YES;
				CLANG_ANALYZER_NUMBER_OBJECT_CONVERSION = YES_AGGRESSIVE;
				CLANG_CXX_LANGUAGE_STANDARD = "gnu++20";
				CLANG_ENABLE_MODULES = YES;
				CLANG_ENABLE_OBJC_ARC = YES;
				CLANG_ENABLE_OBJC_WEAK = YES;
				CLANG_WARN_BLOCK_CAPTURE_AUTORELEASING = YES;
				CLANG_WARN_BOOL_CONVERSION = YES;
				CLANG_WARN_COMMA = YES;
				CLANG_WARN_CONSTANT_CONVERSION = YES;
				CLANG_WARN_DEPRECATED_OBJC_IMPLEMENTATIONS = YES;
				CLANG_WARN_DIRECT_OBJC_ISA_USAGE = YES_ERROR;
				CLANG_WARN_DOCUMENTATION_COMMENTS = YES;
				CLANG_WARN_EMPTY_BODY = YES;
				CLANG_WARN_ENUM_CONVERSION = YES;
				CLANG_WARN_INFINITE_RECURSION = YES;
				CLANG_WARN_INT_CONVERSION = YES;
				CLANG_WARN_NON_LITERAL_NULL_CONVERSION = YES;
				CLANG_WARN_OBJC_IMPLICIT_RETAIN_SELF = YES;
				CLANG_WARN_OBJC_LITERAL_CONVERSION = YES;
				CLANG_WARN_OBJC_ROOT_CLASS = YES_ERROR;
				CLANG_WARN_QUOTED_INCLUDE_IN_FRAMEWORK_HEADER = YES;
				CLANG_WARN_RANGE_LOOP_ANALYSIS = YES;
				CLANG_WARN_STRICT_PROTOTYPES = YES;
				CLANG_WARN_SUSPICIOUS_MOVE = YES;
				CLANG_WARN_UNGUARDED_AVAILABILITY = YES_AGGRESSIVE;
				CLANG_WARN_UNREACHABLE_CODE = YES;
				CLANG_WARN__DUPLICATE_METHOD_MATCH = YES;
				COPY_PHASE_STRIP = NO;
				DEBUG_INFORMATION_FORMAT = dwarf;
				ENABLE_STRICT_OBJC_MSGSEND = YES;
				ENABLE_TESTABILITY = YES;
				GCC_C_LANGUAGE_STANDARD = gnu11;
				GCC_DYNAMIC_NO_PIC = NO;
				GCC_NO_COMMON_BLOCKS = YES;
				GCC_OPTIMIZATION_LEVEL = 0;
				GCC_PREPROCESSOR_DEFINITIONS = (
					"DEBUG=1",
					"$(inherited)",
				);
				GCC_WARN_64_TO_32_BIT_CONVERSION = YES;
				GCC_WARN_ABOUT_RETURN_TYPE = YES_ERROR;
				GCC_WARN_UNDECLARED_SELECTOR = YES;
				GCC_WARN_UNINITIALIZED_AUTOS = YES_AGGRESSIVE;
				GCC_WARN_UNUSED_FUNCTION = YES;
				GCC_WARN_UNUSED_VARIABLE = YES;
				IPHONEOS_DEPLOYMENT_TARGET = 16.2;
				MTL_ENABLE_DEBUG_INFO = INCLUDE_SOURCE;
				MTL_FAST_MATH = YES;
				ONLY_ACTIVE_ARCH = YES;
				SDKROOT = iphoneos;
				SWIFT_ACTIVE_COMPILATION_CONDITIONS = DEBUG;
				SWIFT_OPTIMIZATION_LEVEL = "-Onone";
			};
			name = Debug;
		};
		625333EF2ACD10DE004976D9 /* Release */ = {
			isa = XCBuildConfiguration;
			buildSettings = {
				ALWAYS_SEARCH_USER_PATHS = NO;
				CLANG_ANALYZER_NONNULL = YES;
				CLANG_ANALYZER_NUMBER_OBJECT_CONVERSION = YES_AGGRESSIVE;
				CLANG_CXX_LANGUAGE_STANDARD = "gnu++20";
				CLANG_ENABLE_MODULES = YES;
				CLANG_ENABLE_OBJC_ARC = YES;
				CLANG_ENABLE_OBJC_WEAK = YES;
				CLANG_WARN_BLOCK_CAPTURE_AUTORELEASING = YES;
				CLANG_WARN_BOOL_CONVERSION = YES;
				CLANG_WARN_COMMA = YES;
				CLANG_WARN_CONSTANT_CONVERSION = YES;
				CLANG_WARN_DEPRECATED_OBJC_IMPLEMENTATIONS = YES;
				CLANG_WARN_DIRECT_OBJC_ISA_USAGE = YES_ERROR;
				CLANG_WARN_DOCUMENTATION_COMMENTS = YES;
				CLANG_WARN_EMPTY_BODY = YES;
				CLANG_WARN_ENUM_CONVERSION = YES;
				CLANG_WARN_INFINITE_RECURSION = YES;
				CLANG_WARN_INT_CONVERSION = YES;
				CLANG_WARN_NON_LITERAL_NULL_CONVERSION = YES;
				CLANG_WARN_OBJC_IMPLICIT_RETAIN_SELF = YES;
				CLANG_WARN_OBJC_LITERAL_CONVERSION = YES;
				CLANG_WARN_OBJC_ROOT_CLASS = YES_ERROR;
				CLANG_WARN_QUOTED_INCLUDE_IN_FRAMEWORK_HEADER = YES;
				CLANG_WARN_RANGE_LOOP_ANALYSIS = YES;
				CLANG_WARN_STRICT_PROTOTYPES = YES;
				CLANG_WARN_SUSPICIOUS_MOVE = YES;
				CLANG_WARN_UNGUARDED_AVAILABILITY = YES_AGGRESSIVE;
				CLANG_WARN_UNREACHABLE_CODE = YES;
				CLANG_WARN__DUPLICATE_METHOD_MATCH = YES;
				COPY_PHASE_STRIP = NO;
				DEBUG_INFORMATION_FORMAT = "dwarf-with-dsym";
				ENABLE_NS_ASSERTIONS = NO;
				ENABLE_STRICT_OBJC_MSGSEND = YES;
				GCC_C_LANGUAGE_STANDARD = gnu11;
				GCC_NO_COMMON_BLOCKS = YES;
				GCC_WARN_64_TO_32_BIT_CONVERSION = YES;
				GCC_WARN_ABOUT_RETURN_TYPE = YES_ERROR;
				GCC_WARN_UNDECLARED_SELECTOR = YES;
				GCC_WARN_UNINITIALIZED_AUTOS = YES_AGGRESSIVE;
				GCC_WARN_UNUSED_FUNCTION = YES;
				GCC_WARN_UNUSED_VARIABLE = YES;
				IPHONEOS_DEPLOYMENT_TARGET = 16.2;
				MTL_ENABLE_DEBUG_INFO = NO;
				MTL_FAST_MATH = YES;
				SDKROOT = iphoneos;
				SWIFT_COMPILATION_MODE = wholemodule;
				SWIFT_OPTIMIZATION_LEVEL = "-O";
				VALIDATE_PRODUCT = YES;
			};
			name = Release;
		};
		625333F12ACD10DE004976D9 /* Debug */ = {
			isa = XCBuildConfiguration;
			baseConfigurationReference = 43771337E93B326A64F65ED7 /* Pods-GitHubUsers.debug.xcconfig */;
			buildSettings = {
				ASSETCATALOG_COMPILER_APPICON_NAME = AppIcon;
				ASSETCATALOG_COMPILER_GLOBAL_ACCENT_COLOR_NAME = AccentColor;
				CODE_SIGN_STYLE = Automatic;
				CURRENT_PROJECT_VERSION = 1;
				DEVELOPMENT_ASSET_PATHS = "\"GitHubUsers/Preview Content\"";
				DEVELOPMENT_TEAM = ZUJKC4DH23;
				ENABLE_PREVIEWS = YES;
				GENERATE_INFOPLIST_FILE = YES;
				INFOPLIST_KEY_CFBundleDisplayName = GitHubUsers;
				INFOPLIST_KEY_LSApplicationCategoryType = "public.app-category.developer-tools";
				INFOPLIST_KEY_UIApplicationSceneManifest_Generation = YES;
				INFOPLIST_KEY_UIApplicationSupportsIndirectInputEvents = YES;
				INFOPLIST_KEY_UILaunchScreen_Generation = YES;
				INFOPLIST_KEY_UIStatusBarStyle = UIStatusBarStyleLightContent;
				INFOPLIST_KEY_UISupportedInterfaceOrientations = UIInterfaceOrientationPortrait;
				IPHONEOS_DEPLOYMENT_TARGET = 15.0;
				LD_RUNPATH_SEARCH_PATHS = (
					"$(inherited)",
					"@executable_path/Frameworks",
				);
				MARKETING_VERSION = 1.0.0;
				PRODUCT_BUNDLE_IDENTIFIER = cyanvillarin.GitHubUsers;
				PRODUCT_NAME = "$(TARGET_NAME)";
				SWIFT_EMIT_LOC_STRINGS = YES;
				SWIFT_VERSION = 5.0;
				TARGETED_DEVICE_FAMILY = "1,2";
			};
			name = Debug;
		};
		625333F22ACD10DE004976D9 /* Release */ = {
			isa = XCBuildConfiguration;
			baseConfigurationReference = C25C5DDA3F3228B077827149 /* Pods-GitHubUsers.release.xcconfig */;
			buildSettings = {
				ASSETCATALOG_COMPILER_APPICON_NAME = AppIcon;
				ASSETCATALOG_COMPILER_GLOBAL_ACCENT_COLOR_NAME = AccentColor;
				CODE_SIGN_STYLE = Automatic;
				CURRENT_PROJECT_VERSION = 1;
				DEVELOPMENT_ASSET_PATHS = "\"GitHubUsers/Preview Content\"";
				DEVELOPMENT_TEAM = ZUJKC4DH23;
				ENABLE_PREVIEWS = YES;
				GENERATE_INFOPLIST_FILE = YES;
				INFOPLIST_KEY_CFBundleDisplayName = GitHubUsers;
				INFOPLIST_KEY_LSApplicationCategoryType = "public.app-category.developer-tools";
				INFOPLIST_KEY_UIApplicationSceneManifest_Generation = YES;
				INFOPLIST_KEY_UIApplicationSupportsIndirectInputEvents = YES;
				INFOPLIST_KEY_UILaunchScreen_Generation = YES;
				INFOPLIST_KEY_UIStatusBarStyle = UIStatusBarStyleLightContent;
				INFOPLIST_KEY_UISupportedInterfaceOrientations = UIInterfaceOrientationPortrait;
				IPHONEOS_DEPLOYMENT_TARGET = 15.0;
				LD_RUNPATH_SEARCH_PATHS = (
					"$(inherited)",
					"@executable_path/Frameworks",
				);
				MARKETING_VERSION = 1.0.0;
				PRODUCT_BUNDLE_IDENTIFIER = cyanvillarin.GitHubUsers;
				PRODUCT_NAME = "$(TARGET_NAME)";
				SWIFT_EMIT_LOC_STRINGS = YES;
				SWIFT_VERSION = 5.0;
				TARGETED_DEVICE_FAMILY = "1,2";
			};
			name = Release;
		};
		625333F42ACD10DE004976D9 /* Debug */ = {
			isa = XCBuildConfiguration;
			baseConfigurationReference = 78AC487F41AC984522569641 /* Pods-GitHubUsersTests.debug.xcconfig */;
			buildSettings = {
				ALWAYS_EMBED_SWIFT_STANDARD_LIBRARIES = YES;
				BUNDLE_LOADER = "$(TEST_HOST)";
				CODE_SIGN_STYLE = Automatic;
				CURRENT_PROJECT_VERSION = 1;
				DEVELOPMENT_TEAM = ZUJKC4DH23;
				GENERATE_INFOPLIST_FILE = YES;
				IPHONEOS_DEPLOYMENT_TARGET = 16.2;
				MARKETING_VERSION = 1.0;
				PRODUCT_BUNDLE_IDENTIFIER = cyanvillarin.GitHubUsersTests;
				PRODUCT_NAME = "$(TARGET_NAME)";
				SWIFT_EMIT_LOC_STRINGS = NO;
				SWIFT_VERSION = 5.0;
				TARGETED_DEVICE_FAMILY = "1,2";
				TEST_HOST = "$(BUILT_PRODUCTS_DIR)/GitHubUsers.app/$(BUNDLE_EXECUTABLE_FOLDER_PATH)/GitHubUsers";
			};
			name = Debug;
		};
		625333F52ACD10DE004976D9 /* Release */ = {
			isa = XCBuildConfiguration;
			baseConfigurationReference = 8B00E6DC7E9A2FD4A3416AED /* Pods-GitHubUsersTests.release.xcconfig */;
			buildSettings = {
				ALWAYS_EMBED_SWIFT_STANDARD_LIBRARIES = YES;
				BUNDLE_LOADER = "$(TEST_HOST)";
				CODE_SIGN_STYLE = Automatic;
				CURRENT_PROJECT_VERSION = 1;
				DEVELOPMENT_TEAM = ZUJKC4DH23;
				GENERATE_INFOPLIST_FILE = YES;
				IPHONEOS_DEPLOYMENT_TARGET = 16.2;
				MARKETING_VERSION = 1.0;
				PRODUCT_BUNDLE_IDENTIFIER = cyanvillarin.GitHubUsersTests;
				PRODUCT_NAME = "$(TARGET_NAME)";
				SWIFT_EMIT_LOC_STRINGS = NO;
				SWIFT_VERSION = 5.0;
				TARGETED_DEVICE_FAMILY = "1,2";
				TEST_HOST = "$(BUILT_PRODUCTS_DIR)/GitHubUsers.app/$(BUNDLE_EXECUTABLE_FOLDER_PATH)/GitHubUsers";
			};
			name = Release;
		};
		625333F72ACD10DE004976D9 /* Debug */ = {
			isa = XCBuildConfiguration;
			baseConfigurationReference = 58FCD49B73F7EF97F2577C4F /* Pods-GitHubUsers-GitHubUsersUITests.debug.xcconfig */;
			buildSettings = {
				ALWAYS_EMBED_SWIFT_STANDARD_LIBRARIES = YES;
				CODE_SIGN_STYLE = Automatic;
				CURRENT_PROJECT_VERSION = 1;
				DEVELOPMENT_TEAM = ZUJKC4DH23;
				GENERATE_INFOPLIST_FILE = YES;
				MARKETING_VERSION = 1.0;
				PRODUCT_BUNDLE_IDENTIFIER = cyanvillarin.GitHubUsersUITests;
				PRODUCT_NAME = "$(TARGET_NAME)";
				SWIFT_EMIT_LOC_STRINGS = NO;
				SWIFT_VERSION = 5.0;
				TARGETED_DEVICE_FAMILY = "1,2";
				TEST_TARGET_NAME = GitHubUsers;
			};
			name = Debug;
		};
		625333F82ACD10DE004976D9 /* Release */ = {
			isa = XCBuildConfiguration;
			baseConfigurationReference = 85790426FF023034B13085BF /* Pods-GitHubUsers-GitHubUsersUITests.release.xcconfig */;
			buildSettings = {
				ALWAYS_EMBED_SWIFT_STANDARD_LIBRARIES = YES;
				CODE_SIGN_STYLE = Automatic;
				CURRENT_PROJECT_VERSION = 1;
				DEVELOPMENT_TEAM = ZUJKC4DH23;
				GENERATE_INFOPLIST_FILE = YES;
				MARKETING_VERSION = 1.0;
				PRODUCT_BUNDLE_IDENTIFIER = cyanvillarin.GitHubUsersUITests;
				PRODUCT_NAME = "$(TARGET_NAME)";
				SWIFT_EMIT_LOC_STRINGS = NO;
				SWIFT_VERSION = 5.0;
				TARGETED_DEVICE_FAMILY = "1,2";
				TEST_TARGET_NAME = GitHubUsers;
			};
			name = Release;
		};
/* End XCBuildConfiguration section */

/* Begin XCConfigurationList section */
		625333C72ACD10DC004976D9 /* Build configuration list for PBXProject "GitHubUsers" */ = {
			isa = XCConfigurationList;
			buildConfigurations = (
				625333EE2ACD10DE004976D9 /* Debug */,
				625333EF2ACD10DE004976D9 /* Release */,
			);
			defaultConfigurationIsVisible = 0;
			defaultConfigurationName = Release;
		};
		625333F02ACD10DE004976D9 /* Build configuration list for PBXNativeTarget "GitHubUsers" */ = {
			isa = XCConfigurationList;
			buildConfigurations = (
				625333F12ACD10DE004976D9 /* Debug */,
				625333F22ACD10DE004976D9 /* Release */,
			);
			defaultConfigurationIsVisible = 0;
			defaultConfigurationName = Release;
		};
		625333F32ACD10DE004976D9 /* Build configuration list for PBXNativeTarget "GitHubUsersTests" */ = {
			isa = XCConfigurationList;
			buildConfigurations = (
				625333F42ACD10DE004976D9 /* Debug */,
				625333F52ACD10DE004976D9 /* Release */,
			);
			defaultConfigurationIsVisible = 0;
			defaultConfigurationName = Release;
		};
		625333F62ACD10DE004976D9 /* Build configuration list for PBXNativeTarget "GitHubUsersUITests" */ = {
			isa = XCConfigurationList;
			buildConfigurations = (
				625333F72ACD10DE004976D9 /* Debug */,
				625333F82ACD10DE004976D9 /* Release */,
			);
			defaultConfigurationIsVisible = 0;
			defaultConfigurationName = Release;
		};
/* End XCConfigurationList section */
	};
	rootObject = 625333C42ACD10DC004976D9 /* Project object */;
}
